
Microsoft Visual Studio Solution File, Format Version 11.00
# Visual Studio 2010
Project("{F2A71F9B-5D33-465A-A702-920D77279786}") = "FsSerializer", "FsSerializer\FsSerializer.fsproj", "{D7882E15-2701-4386-B7E6-7DB52288E12C}"
EndProject
Project("{F2A71F9B-5D33-465A-A702-920D77279786}") = "Spec.FsSerializer", "Spec.FsSerializer\Spec.FsSerializer.fsproj", "{C062290C-651C-408F-A79C-C37AAEC1C24A}"
EndProject
Global
	GlobalSection(SolutionConfigurationPlatforms) = preSolution
		Debug|Any CPU = Debug|Any CPU
		Release|Any CPU = Release|Any CPU
	EndGlobalSection
	GlobalSection(ProjectConfigurationPlatforms) = postSolution
		{D7882E15-2701-4386-B7E6-7DB52288E12C}.Debug|Any CPU.ActiveCfg = Debug|Any CPU
		{D7882E15-2701-4386-B7E6-7DB52288E12C}.Debug|Any CPU.Build.0 = Debug|Any CPU
		{D7882E15-2701-4386-B7E6-7DB52288E12C}.Release|Any CPU.ActiveCfg = Release|Any CPU
		{D7882E15-2701-4386-B7E6-7DB52288E12C}.Release|Any CPU.Build.0 = Release|Any CPU
		{C062290C-651C-408F-A79C-C37AAEC1C24A}.Debug|Any CPU.ActiveCfg = Debug|Any CPU
		{C062290C-651C-408F-A79C-C37AAEC1C24A}.Debug|Any CPU.Build.0 = Debug|Any CPU
		{C062290C-651C-408F-A79C-C37AAEC1C24A}.Release|Any CPU.ActiveCfg = Release|Any CPU
		{C062290C-651C-408F-A79C-C37AAEC1C24A}.Release|Any CPU.Build.0 = Release|Any CPU
	EndGlobalSection
	GlobalSection(SolutionProperties) = preSolution
		HideSolutionNode = FALSE
	EndGlobalSection
EndGlobal
